// !$*UTF8*$!
{
	archiveVersion = 1;
	classes = {
	};
	objectVersion = 50;
	objects = {

/* Begin PBXBuildFile section */
		AFACAA0D26C351760099DC34 /* AppDelegate.swift in Sources */ = {isa = PBXBuildFile; fileRef = AFACAA0C26C351760099DC34 /* AppDelegate.swift */; };
		AFACAA0F26C351760099DC34 /* SceneDelegate.swift in Sources */ = {isa = PBXBuildFile; fileRef = AFACAA0E26C351760099DC34 /* SceneDelegate.swift */; };
		AFACAA1126C351760099DC34 /* ViewController.swift in Sources */ = {isa = PBXBuildFile; fileRef = AFACAA1026C351760099DC34 /* ViewController.swift */; };
		AFACAA1426C351760099DC34 /* Main.storyboard in Resources */ = {isa = PBXBuildFile; fileRef = AFACAA1226C351760099DC34 /* Main.storyboard */; };
		AFACAA1626C3517B0099DC34 /* Assets.xcassets in Resources */ = {isa = PBXBuildFile; fileRef = AFACAA1526C3517B0099DC34 /* Assets.xcassets */; };
		AFACAA1926C3517B0099DC34 /* LaunchScreen.storyboard in Resources */ = {isa = PBXBuildFile; fileRef = AFACAA1726C3517B0099DC34 /* LaunchScreen.storyboard */; };
		AFACAA2126C3553E0099DC34 /* Person.swift in Sources */ = {isa = PBXBuildFile; fileRef = AFACAA2026C3553E0099DC34 /* Person.swift */; };
/* End PBXBuildFile section */

/* Begin PBXFileReference section */
		AFACAA0926C351760099DC34 /* aula-classes.app */ = {isa = PBXFileReference; explicitFileType = wrapper.application; includeInIndex = 0; path = "aula-classes.app"; sourceTree = BUILT_PRODUCTS_DIR; };
		AFACAA0C26C351760099DC34 /* AppDelegate.swift */ = {isa = PBXFileReference; lastKnownFileType = sourcecode.swift; path = AppDelegate.swift; sourceTree = "<group>"; };
		AFACAA0E26C351760099DC34 /* SceneDelegate.swift */ = {isa = PBXFileReference; lastKnownFileType = sourcecode.swift; path = SceneDelegate.swift; sourceTree = "<group>"; };
		AFACAA1026C351760099DC34 /* ViewController.swift */ = {isa = PBXFileReference; lastKnownFileType = sourcecode.swift; path = ViewController.swift; sourceTree = "<group>"; };
		AFACAA1326C351760099DC34 /* Base */ = {isa = PBXFileReference; lastKnownFileType = file.storyboard; name = Base; path = Base.lproj/Main.storyboard; sourceTree = "<group>"; };
		AFACAA1526C3517B0099DC34 /* Assets.xcassets */ = {isa = PBXFileReference; lastKnownFileType = folder.assetcatalog; path = Assets.xcassets; sourceTree = "<group>"; };
		AFACAA1826C3517B0099DC34 /* Base */ = {isa = PBXFileReference; lastKnownFileType = file.storyboard; name = Base; path = Base.lproj/LaunchScreen.storyboard; sourceTree = "<group>"; };
		AFACAA1A26C3517B0099DC34 /* Info.plist */ = {isa = PBXFileReference; lastKnownFileType = text.plist.xml; path = Info.plist; sourceTree = "<group>"; };
		AFACAA2026C3553E0099DC34 /* Person.swift */ = {isa = PBXFileReference; lastKnownFileType = sourcecode.swift; path = Person.swift; sourceTree = "<group>"; };
/* End PBXFileReference section */

/* Begin PBXFrameworksBuildPhase section */
		AFACAA0626C351760099DC34 /* Frameworks */ = {
			isa = PBXFrameworksBuildPhase;
			buildActionMask = 2147483647;
			files = (
			);
			runOnlyForDeploymentPostprocessing = 0;
		};
/* End PBXFrameworksBuildPhase section */

/* Begin PBXGroup section */
		AFACAA0026C351760099DC34 = {
			isa = PBXGroup;
			children = (
				AFACAA0B26C351760099DC34 /* aula-classes */,
				AFACAA0A26C351760099DC34 /* Products */,
			);
			sourceTree = "<group>";
		};
		AFACAA0A26C351760099DC34 /* Products */ = {
			isa = PBXGroup;
			children = (
				AFACAA0926C351760099DC34 /* aula-classes.app */,
			);
			name = Products;
			sourceTree = "<group>";
		};
		AFACAA0B26C351760099DC34 /* aula-classes */ = {
			isa = PBXGroup;
			children = (
				AFACAA0C26C351760099DC34 /* AppDelegate.swift */,
				AFACAA0E26C351760099DC34 /* SceneDelegate.swift */,
				AFACAA1026C351760099DC34 /* ViewController.swift */,
				AFACAA1226C351760099DC34 /* Main.storyboard */,
				AFACAA1526C3517B0099DC34 /* Assets.xcassets */,
				AFACAA1726C3517B0099DC34 /* LaunchScreen.storyboard */,
				AFACAA1A26C3517B0099DC34 /* Info.plist */,
				AFACAA2026C3553E0099DC34 /* Person.swift */,
			);
			path = "aula-classes";
			sourceTree = "<group>";
		};
/* End PBXGroup section */

/* Begin PBXNativeTarget section */
		AFACAA0826C351760099DC34 /* aula-classes */ = {
			isa = PBXNativeTarget;
			buildConfigurationList = AFACAA1D26C3517B0099DC34 /* Build configuration list for PBXNativeTarget "aula-classes" */;
			buildPhases = (
				AFACAA0526C351760099DC34 /* Sources */,
				AFACAA0626C351760099DC34 /* Frameworks */,
				AFACAA0726C351760099DC34 /* Resources */,
			);
			buildRules = (
			);
			dependencies = (
			);
			name = "aula-classes";
			productName = "aula-classes";
			productReference = AFACAA0926C351760099DC34 /* aula-classes.app */;
			productType = "com.apple.product-type.application";
		};
/* End PBXNativeTarget section */

/* Begin PBXProject section */
		AFACAA0126C351760099DC34 /* Project object */ = {
			isa = PBXProject;
			attributes = {
				LastSwiftUpdateCheck = 1250;
				LastUpgradeCheck = 1250;
				TargetAttributes = {
					AFACAA0826C351760099DC34 = {
						CreatedOnToolsVersion = 12.5.1;
					};
				};
			};
			buildConfigurationList = AFACAA0426C351760099DC34 /* Build configuration list for PBXProject "aula-classes" */;
			compatibilityVersion = "Xcode 9.3";
			developmentRegion = en;
			hasScannedForEncodings = 0;
			knownRegions = (
				en,
				Base,
			);
			mainGroup = AFACAA0026C351760099DC34;
			productRefGroup = AFACAA0A26C351760099DC34 /* Products */;
			projectDirPath = "";
			projectRoot = "";
			targets = (
				AFACAA0826C351760099DC34 /* aula-classes */,
			);
		};
/* End PBXProject section */

/* Begin PBXResourcesBuildPhase section */
		AFACAA0726C351760099DC34 /* Resources */ = {
			isa = PBXResourcesBuildPhase;
			buildActionMask = 2147483647;
			files = (
				AFACAA1926C3517B0099DC34 /* LaunchScreen.storyboard in Resources */,
				AFACAA1626C3517B0099DC34 /* Assets.xcassets in Resources */,
				AFACAA1426C351760099DC34 /* Main.storyboard in Resources */,
			);
			runOnlyForDeploymentPostprocessing = 0;
		};
/* End PBXResourcesBuildPhase section */

/* Begin PBXSourcesBuildPhase section */
		AFACAA0526C351760099DC34 /* Sources */ = {
			isa = PBXSourcesBuildPhase;
			buildActionMask = 2147483647;
			files = (
				AFACAA1126C351760099DC34 /* ViewController.swift in Sources */,
				AFACAA0D26C351760099DC34 /* AppDelegate.swift in Sources */,
				AFACAA2126C3553E0099DC34 /* Person.swift in Sources */,
				AFACAA0F26C351760099DC34 /* SceneDelegate.swift in Sources */,
			);
			runOnlyForDeploymentPostprocessing = 0;
		};
/* End PBXSourcesBuildPhase section */

/* Begin PBXVariantGroup section */
		AFACAA1226C351760099DC34 /* Main.storyboard */ = {
			isa = PBXVariantGroup;
			children = (
				AFACAA1326C351760099DC34 /* Base */,
			);
			name = Main.storyboard;
			sourceTree = "<group>";
		};
		AFACAA1726C3517B0099DC34 /* LaunchScreen.storyboard */ = {
			isa = PBXVariantGroup;
			children = (
				AFACAA1826C3517B0099DC34 /* Base */,
			);
			name = LaunchScreen.storyboard;
			sourceTree = "<group>";
		};
/* End PBXVariantGroup section */

/* Begin XCBuildConfiguration section */
		AFACAA1B26C3517B0099DC34 /* Debug */ = {
			isa = XCBuildConfiguration;
			buildSettings = {
				ALWAYS_SEARCH_USER_PATHS = NO;
				CLANG_ANALYZER_NONNULL = YES;
				CLANG_ANALYZER_NUMBER_OBJECT_CONVERSION = YES_AGGRESSIVE;
				CLANG_CXX_LANGUAGE_STANDARD = "gnu++14";
				CLANG_CXX_LIBRARY = "libc++";
				CLANG_ENABLE_MODULES = YES;
				CLANG_ENABLE_OBJC_ARC = YES;
				CLANG_ENABLE_OBJC_WEAK = YES;
				CLANG_WARN_BLOCK_CAPTURE_AUTORELEASING = YES;
				CLANG_WARN_BOOL_CONVERSION = YES;
				CLANG_WARN_COMMA = YES;
				CLANG_WARN_CONSTANT_CONVERSION = YES;
				CLANG_WARN_DEPRECATED_OBJC_IMPLEMENTATIONS = YES;
				CLANG_WARN_DIRECT_OBJC_ISA_USAGE = YES_ERROR;
				CLANG_WARN_DOCUMENTATION_COMMENTS = YES;
				CLANG_WARN_EMPTY_BODY = YES;
				CLANG_WARN_ENUM_CONVERSION = YES;
				CLANG_WARN_INFINITE_RECURSION = YES;
				CLANG_WARN_INT_CONVERSION = YES;
				CLANG_WARN_NON_LITERAL_NULL_CONVERSION = YES;
				CLANG_WARN_OBJC_IMPLICIT_RETAIN_SELF = YES;
				CLANG_WARN_OBJC_LITERAL_CONVERSION = YES;
				CLANG_WARN_OBJC_ROOT_CLASS = YES_ERROR;
				CLANG_WARN_QUOTED_INCLUDE_IN_FRAMEWORK_HEADER = YES;
				CLANG_WARN_RANGE_LOOP_ANALYSIS = YES;
				CLANG_WARN_STRICT_PROTOTYPES = YES;
				CLANG_WARN_SUSPICIOUS_MOVE = YES;
				CLANG_WARN_UNGUARDED_AVAILABILITY = YES_AGGRESSIVE;
				CLANG_WARN_UNREACHABLE_CODE = YES;
				CLANG_WARN__DUPLICATE_METHOD_MATCH = YES;
				COPY_PHASE_STRIP = NO;
				DEBUG_INFORMATION_FORMAT = dwarf;
				ENABLE_STRICT_OBJC_MSGSEND = YES;
				ENABLE_TESTABILITY = YES;
				GCC_C_LANGUAGE_STANDARD = gnu11;
				GCC_DYNAMIC_NO_PIC = NO;
				GCC_NO_COMMON_BLOCKS = YES;
				GCC_OPTIMIZATION_LEVEL = 0;
				GCC_PREPROCESSOR_DEFINITIONS = (
					"DEBUG=1",
					"$(inherited)",
				);
				GCC_WARN_64_TO_32_BIT_CONVERSION = YES;
				GCC_WARN_ABOUT_RETURN_TYPE = YES_ERROR;
				GCC_WARN_UNDECLARED_SELECTOR = YES;
				GCC_WARN_UNINITIALIZED_AUTOS = YES_AGGRESSIVE;
				GCC_WARN_UNUSED_FUNCTION = YES;
				GCC_WARN_UNUSED_VARIABLE = YES;
				IPHONEOS_DEPLOYMENT_TARGET = 14.5;
				MTL_ENABLE_DEBUG_INFO = INCLUDE_SOURCE;
				MTL_FAST_MATH = YES;
				ONLY_ACTIVE_ARCH = YES;
				SDKROOT = iphoneos;
				SWIFT_ACTIVE_COMPILATION_CONDITIONS = DEBUG;
				SWIFT_OPTIMIZATION_LEVEL = "-Onone";
			};
			name = Debug;
		};
		AFACAA1C26C3517B0099DC34 /* Release */ = {
			isa = XCBuildConfiguration;
			buildSettings = {
				ALWAYS_SEARCH_USER_PATHS = NO;
				CLANG_ANALYZER_NONNULL = YES;
				CLANG_ANALYZER_NUMBER_OBJECT_CONVERSION = YES_AGGRESSIVE;
				CLANG_CXX_LANGUAGE_STANDARD = "gnu++14";
				CLANG_CXX_LIBRARY = "libc++";
				CLANG_ENABLE_MODULES = YES;
				CLANG_ENABLE_OBJC_ARC = YES;
				CLANG_ENABLE_OBJC_WEAK = YES;
				CLANG_WARN_BLOCK_CAPTURE_AUTORELEASING = YES;
				CLANG_WARN_BOOL_CONVERSION = YES;
				CLANG_WARN_COMMA = YES;
				CLANG_WARN_CONSTANT_CONVERSION = YES;
				CLANG_WARN_DEPRECATED_OBJC_IMPLEMENTATIONS = YES;
				CLANG_WARN_DIRECT_OBJC_ISA_USAGE = YES_ERROR;
				CLANG_WARN_DOCUMENTATION_COMMENTS = YES;
				CLANG_WARN_EMPTY_BODY = YES;
				CLANG_WARN_ENUM_CONVERSION = YES;
				CLANG_WARN_INFINITE_RECURSION = YES;
				CLANG_WARN_INT_CONVERSION = YES;
				CLANG_WARN_NON_LITERAL_NULL_CONVERSION = YES;
				CLANG_WARN_OBJC_IMPLICIT_RETAIN_SELF = YES;
				CLANG_WARN_OBJC_LITERAL_CONVERSION = YES;
				CLANG_WARN_OBJC_ROOT_CLASS = YES_ERROR;
				CLANG_WARN_QUOTED_INCLUDE_IN_FRAMEWORK_HEADER = YES;
				CLANG_WARN_RANGE_LOOP_ANALYSIS = YES;
				CLANG_WARN_STRICT_PROTOTYPES = YES;
				CLANG_WARN_SUSPICIOUS_MOVE = YES;
				CLANG_WARN_UNGUARDED_AVAILABILITY = YES_AGGRESSIVE;
				CLANG_WARN_UNREACHABLE_CODE = YES;
				CLANG_WARN__DUPLICATE_METHOD_MATCH = YES;
				COPY_PHASE_STRIP = NO;
				DEBUG_INFORMATION_FORMAT = "dwarf-with-dsym";
				ENABLE_NS_ASSERTIONS = NO;
				ENABLE_STRICT_OBJC_MSGSEND = YES;
				GCC_C_LANGUAGE_STANDARD = gnu11;
				GCC_NO_COMMON_BLOCKS = YES;
				GCC_WARN_64_TO_32_BIT_CONVERSION = YES;
				GCC_WARN_ABOUT_RETURN_TYPE = YES_ERROR;
				GCC_WARN_UNDECLARED_SELECTOR = YES;
				GCC_WARN_UNINITIALIZED_AUTOS = YES_AGGRESSIVE;
				GCC_WARN_UNUSED_FUNCTION = YES;
				GCC_WARN_UNUSED_VARIABLE = YES;
				IPHONEOS_DEPLOYMENT_TARGET = 14.5;
				MTL_ENABLE_DEBUG_INFO = NO;
				MTL_FAST_MATH = YES;
				SDKROOT = iphoneos;
				SWIFT_COMPILATION_MODE = wholemodule;
				SWIFT_OPTIMIZATION_LEVEL = "-O";
				VALIDATE_PRODUCT = YES;
			};
			name = Release;
		};
		AFACAA1E26C3517B0099DC34 /* Debug */ = {
			isa = XCBuildConfiguration;
			buildSettings = {
				ASSETCATALOG_COMPILER_APPICON_NAME = AppIcon;
				ASSETCATALOG_COMPILER_GLOBAL_ACCENT_COLOR_NAME = AccentColor;
				CODE_SIGN_STYLE = Automatic;
				DEVELOPMENT_TEAM = NW3H7K8PN7;
				INFOPLIST_FILE = "aula-classes/Info.plist";
				LD_RUNPATH_SEARCH_PATHS = (
					"$(inherited)",
					"@executable_path/Frameworks",
				);
				PRODUCT_BUNDLE_IDENTIFIER = "com.thiago-leite.aula-classes";
				PRODUCT_NAME = "$(TARGET_NAME)";
				SWIFT_VERSION = 5.0;
				TARGETED_DEVICE_FAMILY = "1,2";
			};
			name = Debug;
		};
		AFACAA1F26C3517B0099DC34 /* Release */ = {
			isa = XCBuildConfiguration;
			buildSettings = {
				ASSETCATALOG_COMPILER_APPICON_NAME = AppIcon;
				ASSETCATALOG_COMPILER_GLOBAL_ACCENT_COLOR_NAME = AccentColor;
				CODE_SIGN_STYLE = Automatic;
				DEVELOPMENT_TEAM = NW3H7K8PN7;
				INFOPLIST_FILE = "aula-classes/Info.plist";
				LD_RUNPATH_SEARCH_PATHS = (
					"$(inherited)",
					"@executable_path/Frameworks",
				);
				PRODUCT_BUNDLE_IDENTIFIER = "com.thiago-leite.aula-classes";
				PRODUCT_NAME = "$(TARGET_NAME)";
				SWIFT_VERSION = 5.0;
				TARGETED_DEVICE_FAMILY = "1,2";
			};
			name = Release;
		};
/* End XCBuildConfiguration section */

/* Begin XCConfigurationList section */
		AFACAA0426C351760099DC34 /* Build configuration list for PBXProject "aula-classes" */ = {
			isa = XCConfigurationList;
			buildConfigurations = (
				AFACAA1B26C3517B0099DC34 /* Debug */,
				AFACAA1C26C3517B0099DC34 /* Release */,
			);
			defaultConfigurationIsVisible = 0;
			defaultConfigurationName = Release;
		};
		AFACAA1D26C3517B0099DC34 /* Build configuration list for PBXNativeTarget "aula-classes" */ = {
			isa = XCConfigurationList;
			buildConfigurations = (
				AFACAA1E26C3517B0099DC34 /* Debug */,
				AFACAA1F26C3517B0099DC34 /* Release */,
			);
			defaultConfigurationIsVisible = 0;
			defaultConfigurationName = Release;
		};
/* End XCConfigurationList section */
	};
	rootObject = AFACAA0126C351760099DC34 /* Project object */;
}
